
Microsoft Visual Studio Solution File, Format Version 12.00
# Visual Studio Version 17
VisualStudioVersion = 17.7.34202.233
MinimumVisualStudioVersion = 10.0.40219.1
Project("{FAE04EC0-301F-11D3-BF4B-00C04F79EFBC}") = "ToyRobotSimulation", "ToyRobotSimulation\ToyRobotSimulation.csproj", "{EBF52ABA-FCF9-41F0-963D-8BDD53D97271}"
EndProject
Global
	GlobalSection(SolutionConfigurationPlatforms) = preSolution
		Debug|Any CPU = Debug|Any CPU
		Release|Any CPU = Release|Any CPU
	EndGlobalSection
	GlobalSection(ProjectConfigurationPlatforms) = postSolution
		{EBF52ABA-FCF9-41F0-963D-8BDD53D97271}.Debug|Any CPU.ActiveCfg = Debug|Any CPU
		{EBF52ABA-FCF9-41F0-963D-8BDD53D97271}.Debug|Any CPU.Build.0 = Debug|Any CPU
		{EBF52ABA-FCF9-41F0-963D-8BDD53D97271}.Release|Any CPU.ActiveCfg = Release|Any CPU
		{EBF52ABA-FCF9-41F0-963D-8BDD53D97271}.Release|Any CPU.Build.0 = Release|Any CPU
	EndGlobalSection
	GlobalSection(SolutionProperties) = preSolution
		HideSolutionNode = FALSE
	EndGlobalSection
	GlobalSection(ExtensibilityGlobals) = postSolution
		SolutionGuid = {233621A0-0BA4-484D-A4AE-E0214D70227C}
	EndGlobalSection
EndGlobal
